
Microsoft Visual Studio Solution File, Format Version 12.00
# Visual Studio Version 17
VisualStudioVersion = 17.0.31903.59
MinimumVisualStudioVersion = 10.0.40219.1
Project("{9A19103F-16F7-4668-BE54-9A1E7A4F7556}") = "Calculator", "Calculator\Calculator.csproj", "{C81E5673-BF5C-46EB-B4BD-86AD6585D5CC}"
EndProject
Project("{9A19103F-16F7-4668-BE54-9A1E7A4F7556}") = "Calculator.Tests", "Calculator.Tests\Calculator.Tests.csproj", "{182BACB1-4088-4797-B82D-B3D27EAFE703}"
EndProject
Global
	GlobalSection(SolutionConfigurationPlatforms) = preSolution
		Debug|Any CPU = Debug|Any CPU
		Release|Any CPU = Release|Any CPU
	EndGlobalSection
	GlobalSection(ProjectConfigurationPlatforms) = postSolution
		{C81E5673-BF5C-46EB-B4BD-86AD6585D5CC}.Debug|Any CPU.ActiveCfg = Debug|Any CPU
		{C81E5673-BF5C-46EB-B4BD-86AD6585D5CC}.Debug|Any CPU.Build.0 = Debug|Any CPU
		{C81E5673-BF5C-46EB-B4BD-86AD6585D5CC}.Release|Any CPU.ActiveCfg = Release|Any CPU
		{C81E5673-BF5C-46EB-B4BD-86AD6585D5CC}.Release|Any CPU.Build.0 = Release|Any CPU
		{182BACB1-4088-4797-B82D-B3D27EAFE703}.Debug|Any CPU.ActiveCfg = Debug|Any CPU
		{182BACB1-4088-4797-B82D-B3D27EAFE703}.Debug|Any CPU.Build.0 = Debug|Any CPU
		{182BACB1-4088-4797-B82D-B3D27EAFE703}.Release|Any CPU.ActiveCfg = Release|Any CPU
		{182BACB1-4088-4797-B82D-B3D27EAFE703}.Release|Any CPU.Build.0 = Release|Any CPU
	EndGlobalSection
	GlobalSection(SolutionProperties) = preSolution
		HideSolutionNode = FALSE
	EndGlobalSection
	GlobalSection(ExtensibilityGlobals) = postSolution
		SolutionGuid = {ACB83AB0-B261-449B-9C7E-731411CEF44A}
	EndGlobalSection
EndGlobal
